Microsoft Visual Studio Solution File, Format Version 12.00
# Visual Studio Version 16
VisualStudioVersion = 16.0.28729.10
MinimumVisualStudioVersion = 10.0.40219.1
Project("{2150E333-8FDC-42A3-9474-1A3956D46DE8}") = "Solution Items", "Solution Items", "{5E05B9C5-6765-44FC-8A6E-BEE018BDEA9B}"
EndProject
Project("{9A19103F-16F7-4668-BE54-9A1E7A4F7556}") = "IX.StandardExtensions.WPF", "IX.StandardExtensions.WPF\IX.StandardExtensions.WPF.csproj", "{5847915C-3A4F-4327-821C-D775EDAF99D1}"
EndProject
Project("{2150E333-8FDC-42A3-9474-1A3956D46DE8}") = "GitHub Documentation", "GitHub Documentation", "{CF1DED9F-4975-4D48-91D3-0FA13BBC9EBD}"
	ProjectSection(SolutionItems) = preProject
		..\README.md = ..\README.md
	EndProjectSection
EndProject
Project("{2150E333-8FDC-42A3-9474-1A3956D46DE8}") = "Build Configurations", "Build Configurations", "{F7C7F358-C8BF-4126-AE44-F4CA067EB4CE}"
	ProjectSection(SolutionItems) = preProject
		azure.devops.devci.yaml = azure.devops.devci.yaml
		azure.devops.masterci.yaml = azure.devops.masterci.yaml
		azure.devops.releasebuild.yaml = azure.devops.releasebuild.yaml
	EndProjectSection
EndProject
Project("{2150E333-8FDC-42A3-9474-1A3956D46DE8}") = "IDE Configuration", "IDE Configuration", "{9ACF55FC-8537-4C24-8D87-54B21F95FD52}"
	ProjectSection(SolutionItems) = preProject
		.editorconfig = .editorconfig
		stylecop.json = stylecop.json
	EndProjectSection
EndProject
Project("{9A19103F-16F7-4668-BE54-9A1E7A4F7556}") = "IX.Undoable.WPF", "IX.Undoable.WPF\IX.Undoable.WPF.csproj", "{2A327C3B-ED8F-48C5-81F9-F3CDF4C21E8E}"
EndProject
Global
	GlobalSection(SolutionConfigurationPlatforms) = preSolution
		Debug|Any CPU = Debug|Any CPU
		Release|Any CPU = Release|Any CPU
	EndGlobalSection
	GlobalSection(ProjectConfigurationPlatforms) = postSolution
		{5847915C-3A4F-4327-821C-D775EDAF99D1}.Debug|Any CPU.ActiveCfg = Debug|Any CPU
		{5847915C-3A4F-4327-821C-D775EDAF99D1}.Debug|Any CPU.Build.0 = Debug|Any CPU
		{5847915C-3A4F-4327-821C-D775EDAF99D1}.Release|Any CPU.ActiveCfg = Release|Any CPU
		{5847915C-3A4F-4327-821C-D775EDAF99D1}.Release|Any CPU.Build.0 = Release|Any CPU
		{2A327C3B-ED8F-48C5-81F9-F3CDF4C21E8E}.Debug|Any CPU.ActiveCfg = Debug|Any CPU
		{2A327C3B-ED8F-48C5-81F9-F3CDF4C21E8E}.Debug|Any CPU.Build.0 = Debug|Any CPU
		{2A327C3B-ED8F-48C5-81F9-F3CDF4C21E8E}.Release|Any CPU.ActiveCfg = Release|Any CPU
		{2A327C3B-ED8F-48C5-81F9-F3CDF4C21E8E}.Release|Any CPU.Build.0 = Release|Any CPU
	EndGlobalSection
	GlobalSection(SolutionProperties) = preSolution
		HideSolutionNode = FALSE
	EndGlobalSection
	GlobalSection(NestedProjects) = preSolution
		{F7C7F358-C8BF-4126-AE44-F4CA067EB4CE} = {5E05B9C5-6765-44FC-8A6E-BEE018BDEA9B}
		{9ACF55FC-8537-4C24-8D87-54B21F95FD52} = {5E05B9C5-6765-44FC-8A6E-BEE018BDEA9B}
	EndGlobalSection
	GlobalSection(ExtensibilityGlobals) = postSolution
		SolutionGuid = {E982D088-16DA-46BF-A043-B1326577DB77}
	EndGlobalSection
EndGlobal
